
Microsoft Visual Studio Solution File, Format Version 11.00
# Visual Studio 2010
Project("{FAE04EC0-301F-11D3-BF4B-00C04F79EFBC}") = "Oppervlakte berekenen", "Oppervlakte berekenen\Oppervlakte berekenen.csproj", "{E91781E1-E1AD-40A2-A0F7-F66023357462}"
EndProject
Global
	GlobalSection(SolutionConfigurationPlatforms) = preSolution
		Debug|x86 = Debug|x86
		Release|x86 = Release|x86
	EndGlobalSection
	GlobalSection(ProjectConfigurationPlatforms) = postSolution
		{E91781E1-E1AD-40A2-A0F7-F66023357462}.Debug|x86.ActiveCfg = Debug|x86
		{E91781E1-E1AD-40A2-A0F7-F66023357462}.Debug|x86.Build.0 = Debug|x86
		{E91781E1-E1AD-40A2-A0F7-F66023357462}.Release|x86.ActiveCfg = Release|x86
		{E91781E1-E1AD-40A2-A0F7-F66023357462}.Release|x86.Build.0 = Release|x86
	EndGlobalSection
	GlobalSection(SolutionProperties) = preSolution
		HideSolutionNode = FALSE
	EndGlobalSection
EndGlobal
